{
  "name": "happner-demo-app",
  "version": "0.0.1",
  "lockfileVersion": 2,
  "requires": true,
  "packages": {
    "": {
      "name": "happner-demo-app",
      "version": "0.0.1",
      "license": "ISC",
      "workspaces": [
        "happner-demo-client",
        "happner-demo-server"
      ]
    },
    "happner-demo-client": {
      "version": "0.0.1",
      "license": "ISC"
    },
    "happner-demo-server": {
      "version": "0.0.1",
      "license": "ISC"
    },
    "node_modules/happner-demo-client": {
      "resolved": "happner-demo-client",
      "link": true
    },
    "node_modules/happner-demo-server": {
      "resolved": "happner-demo-server",
      "link": true
    }
  },
  "dependencies": {
    "happner-demo-client": {
      "version": "file:happner-demo-client"
    },
    "happner-demo-server": {
      "version": "file:happner-demo-server"
    }
  }
}
